
Microsoft Visual Studio Solution File, Format Version 12.00
# Visual Studio Version 17
VisualStudioVersion = 17.5.002.0
MinimumVisualStudioVersion = 10.0.40219.1
Project("{9A19103F-16F7-4668-BE54-9A1E7A4F7556}") = "FlapBird", "FlapBird\FlapBird.csproj", "{55745265-05B8-40E2-94ED-7F842F95FFCB}"
EndProject
Global
	GlobalSection(SolutionConfigurationPlatforms) = preSolution
		Debug|Any CPU = Debug|Any CPU
		Release|Any CPU = Release|Any CPU
	EndGlobalSection
	GlobalSection(ProjectConfigurationPlatforms) = postSolution
		{55745265-05B8-40E2-94ED-7F842F95FFCB}.Debug|Any CPU.ActiveCfg = Debug|Any CPU
		{55745265-05B8-40E2-94ED-7F842F95FFCB}.Debug|Any CPU.Build.0 = Debug|Any CPU
		{55745265-05B8-40E2-94ED-7F842F95FFCB}.Release|Any CPU.ActiveCfg = Release|Any CPU
		{55745265-05B8-40E2-94ED-7F842F95FFCB}.Release|Any CPU.Build.0 = Release|Any CPU
	EndGlobalSection
	GlobalSection(SolutionProperties) = preSolution
		HideSolutionNode = FALSE
	EndGlobalSection
	GlobalSection(ExtensibilityGlobals) = postSolution
		SolutionGuid = {F241382C-8003-407A-8BD6-4019FBB4CF2C}
	EndGlobalSection
EndGlobal
